
Microsoft Visual Studio Solution File, Format Version 12.00
# Visual Studio 15
VisualStudioVersion = 15.0.27130.2003
MinimumVisualStudioVersion = 10.0.40219.1
Project("{FAE04EC0-301F-11D3-BF4B-00C04F79EFBC}") = "WorkItAPI", "WorkItAPI\WorkItAPI.csproj", "{1D96A60E-DA30-4869-9844-02498218B29D}"
EndProject
Global
	GlobalSection(SolutionConfigurationPlatforms) = preSolution
		Debug|Any CPU = Debug|Any CPU
		Release|Any CPU = Release|Any CPU
	EndGlobalSection
	GlobalSection(ProjectConfigurationPlatforms) = postSolution
		{1D96A60E-DA30-4869-9844-02498218B29D}.Debug|Any CPU.ActiveCfg = Debug|Any CPU
		{1D96A60E-DA30-4869-9844-02498218B29D}.Debug|Any CPU.Build.0 = Debug|Any CPU
		{1D96A60E-DA30-4869-9844-02498218B29D}.Release|Any CPU.ActiveCfg = Release|Any CPU
		{1D96A60E-DA30-4869-9844-02498218B29D}.Release|Any CPU.Build.0 = Release|Any CPU
	EndGlobalSection
	GlobalSection(SolutionProperties) = preSolution
		HideSolutionNode = FALSE
	EndGlobalSection
	GlobalSection(ExtensibilityGlobals) = postSolution
		SolutionGuid = {0BBEF9C5-CB55-41A1-B5D8-92F93D93189C}
	EndGlobalSection
EndGlobal
