
Microsoft Visual Studio Solution File, Format Version 12.00
# Visual Studio 15
VisualStudioVersion = 15.0.27130.2003
MinimumVisualStudioVersion = 10.0.40219.1
Project("{FAE04EC0-301F-11D3-BF4B-00C04F79EFBC}") = "WebApplication1", "WebApplication1\WebApplication1.csproj", "{C965EE64-7EAA-4E5A-86C3-30865FB8658B}"
EndProject
Project("{FAE04EC0-301F-11D3-BF4B-00C04F79EFBC}") = "WorkItDataAccess", "WorkItDataAccess\WorkItDataAccess.csproj", "{39CC8141-0299-451C-B91F-7A75E1469D6A}"
EndProject
Global
	GlobalSection(SolutionConfigurationPlatforms) = preSolution
		Debug|Any CPU = Debug|Any CPU
		Release|Any CPU = Release|Any CPU
	EndGlobalSection
	GlobalSection(ProjectConfigurationPlatforms) = postSolution
		{C965EE64-7EAA-4E5A-86C3-30865FB8658B}.Debug|Any CPU.ActiveCfg = Debug|Any CPU
		{C965EE64-7EAA-4E5A-86C3-30865FB8658B}.Debug|Any CPU.Build.0 = Debug|Any CPU
		{C965EE64-7EAA-4E5A-86C3-30865FB8658B}.Release|Any CPU.ActiveCfg = Release|Any CPU
		{C965EE64-7EAA-4E5A-86C3-30865FB8658B}.Release|Any CPU.Build.0 = Release|Any CPU
		{39CC8141-0299-451C-B91F-7A75E1469D6A}.Debug|Any CPU.ActiveCfg = Debug|Any CPU
		{39CC8141-0299-451C-B91F-7A75E1469D6A}.Debug|Any CPU.Build.0 = Debug|Any CPU
		{39CC8141-0299-451C-B91F-7A75E1469D6A}.Release|Any CPU.ActiveCfg = Release|Any CPU
		{39CC8141-0299-451C-B91F-7A75E1469D6A}.Release|Any CPU.Build.0 = Release|Any CPU
	EndGlobalSection
	GlobalSection(SolutionProperties) = preSolution
		HideSolutionNode = FALSE
	EndGlobalSection
	GlobalSection(ExtensibilityGlobals) = postSolution
		SolutionGuid = {0BBEF9C5-CB55-41A1-B5D8-92F93D93189C}
	EndGlobalSection
EndGlobal
